# THIS IS AN AUTOGENERATED FILE. DO NOT EDIT THIS FILE DIRECTLY.
# yarn lockfile v1


"@babel/runtime@^7.12.5":
  version "7.22.15"
  resolved "https://registry.npmjs.org/@babel/runtime/-/runtime-7.22.15.tgz"
  integrity sha512-T0O+aa+4w0u06iNmapipJXMV4HoUir03hpx3/YqXXhu9xim3w+dVphjFWl1OH8NbZHw5Lbm9k45drDkgq2VNNA==
  dependencies:
    regenerator-runtime "^0.14.0"

"@remix-run/router@1.21.0":
  version "1.21.0"
  resolved "https://registry.npmjs.org/@remix-run/router/-/router-1.21.0.tgz"
  integrity sha512-xfSkCAchbdG5PnbrKqFWwia4Bi61nH+wm8wLEqfHDyp7Y3dZzgqS2itV8i4gAq9pC2HsTpwyBC6Ds8VHZ96JlA==

"@tanstack/query-core@5.62.9":
  version "5.62.9"
  resolved "https://registry.npmjs.org/@tanstack/query-core/-/query-core-5.62.9.tgz"
  integrity sha512-lwePd8hNYhyQ4nM/iRQ+Wz2cDtspGeZZHFZmCzHJ7mfKXt+9S301fULiY2IR2byJYY6Z03T427E5PoVfMexHjw==

"@tanstack/react-query@^5.21.7":
  version "5.62.11"
  resolved "https://registry.npmjs.org/@tanstack/react-query/-/react-query-5.62.11.tgz"
  integrity sha512-Xb1nw0cYMdtFmwkvH9+y5yYFhXvLRCnXoqlzSw7UkqtCVFq3cG8q+rHZ2Yz1XrC+/ysUaTqbLKJqk95mCgC1oQ==
  dependencies:
    "@tanstack/query-core" "5.62.9"

balanced-match@^1.0.0:
  version "1.0.2"
  resolved "https://registry.npmjs.org/balanced-match/-/balanced-match-1.0.2.tgz"
  integrity sha512-3oSeUO0TMV67hN1AmbXsK4yaqU7tjiHlbxRDZOpH0KW9+CeX4bRAaX0Anxt0tx2MrpRpWwQaPwIlISEJhYU5Pw==

brace-expansion@^1.1.7:
  version "1.1.11"
  resolved "https://registry.npmjs.org/brace-expansion/-/brace-expansion-1.1.11.tgz"
  integrity sha512-iCuPHDFgrHX7H2vEI/5xpz07zSHB00TpugqhmYtVmMO6518mCuRMoOYFldEBl0g187ufozdaHgWKcYFb61qGiA==
  dependencies:
    balanced-match "^1.0.0"
    concat-map "0.0.1"

clsx@^2.1.1:
  version "2.1.1"
  resolved "https://registry.npmjs.org/clsx/-/clsx-2.1.1.tgz"
  integrity sha512-eYm0QWBtUrBWZWG0d386OGAw16Z995PiOVo2B7bjWSbHedGl5e0ZWaq65kOGgUSNesEIDkB9ISbTg/JK9dhCZA==

concat-map@0.0.1:
  version "0.0.1"
  resolved "https://registry.npmjs.org/concat-map/-/concat-map-0.0.1.tgz"
  integrity sha512-/Srv4dswyQNBfohGpz9o6Yb3Gz3SrUDqBH5rTuhGR7ahtlbYKnVxw2bCFMRljaA7EXHaXZ8wsHdodFvbkhKmqg==

date-fns@^3.6.0:
  version "3.6.0"
  resolved "https://registry.npmjs.org/date-fns/-/date-fns-3.6.0.tgz"
  integrity sha512-fRHTG8g/Gif+kSh50gaGEdToemgfj74aRX3swtiouboip5JDLAyDE9F11nHMIcvOaXeOC6D7SpNhi7uFyB7Uww==

decode-uri-component@^0.2.2:
  version "0.2.2"
  resolved "https://registry.npmjs.org/decode-uri-component/-/decode-uri-component-0.2.2.tgz"
  integrity sha512-FqUYQ+8o158GyGTrMFJms9qh3CqTKvAqgqsTnkLI8sKu0028orqBhxNMFkFen0zGyg6epACD32pjVk58ngIErQ==

eventemitter3@^5.0.1:
  version "5.0.1"
  resolved "https://registry.npmjs.org/eventemitter3/-/eventemitter3-5.0.1.tgz"
  integrity sha512-GWkBvjiSZK87ELrYOSESUYeVIc9mvLLf/nXalMOS5dYrgZq9o5OVkbZAVM06CVxYsCwH9BDZFPlQTlPA1j4ahA==

filter-obj@^1.1.0:
  version "1.1.0"
  resolved "https://registry.npmjs.org/filter-obj/-/filter-obj-1.1.0.tgz"
  integrity sha512-8rXg1ZnX7xzy2NGDVkBVaAy+lSlPNwad13BtgSlLuxfIslyt5Vg64U7tFcCt4WS1R0hvtnQybT/IyCkGZ3DpXQ==

fs.realpath@^1.0.0:
  version "1.0.0"
  resolved "https://registry.npmjs.org/fs.realpath/-/fs.realpath-1.0.0.tgz"
  integrity sha512-OO0pH2lK6a0hZnAdau5ItzHPI6pUlvI7jMVnxUQRtw4owF2wk8lOSabtGDCTP4Ggrg2MbGnWO9X8K1t4+fGMDw==

glob@^7.1.3:
  version "7.2.3"
  resolved "https://registry.npmjs.org/glob/-/glob-7.2.3.tgz"
  integrity sha512-nFR0zLpU2YCaRxwoCJvL6UvCH2JFyFVIvwTLsIf21AuHlMskA1hhTdk+LlYJtOlYt9v6dvszD2BGRqBL+iQK9Q==
  dependencies:
    fs.realpath "^1.0.0"
    inflight "^1.0.4"
    inherits "2"
    minimatch "^3.1.1"
    once "^1.3.0"
    path-is-absolute "^1.0.0"

inflection@^3.0.0:
  version "3.0.0"
  resolved "https://registry.npmjs.org/inflection/-/inflection-3.0.0.tgz"
  integrity sha512-1zEJU1l19SgJlmwqsEyFTbScw/tkMHFenUo//Y0i+XEP83gDFdMvPizAD/WGcE+l1ku12PcTVHQhO6g5E0UCMw==

inflight@^1.0.4:
  version "1.0.6"
  resolved "https://registry.npmjs.org/inflight/-/inflight-1.0.6.tgz"
  integrity sha512-k92I/b08q4wvFscXCLvqfsHCrjrF7yiXsQuIVvVE7N82W3+aqpzuUdBbfhWcy/FZR3/4IgflMgKLOsvPDrGCJA==
  dependencies:
    once "^1.3.0"
    wrappy "1"

inherits@2:
  version "2.0.4"
  resolved "https://registry.npmjs.org/inherits/-/inherits-2.0.4.tgz"
  integrity sha512-k/vGaX4/Yla3WzyMCvTQOXYeIHvqOKtnqBduzTHpzpQZzAskKMhZ2K+EnBiSM9zGSoIFeMpXKxa4dYeZIQqewQ==

jsonexport@^3.2.0:
  version "3.2.0"
  resolved "https://registry.npmjs.org/jsonexport/-/jsonexport-3.2.0.tgz"
  integrity sha512-GbO9ugb0YTZatPd/hqCGR0FSwbr82H6OzG04yzdrG7XOe4QZ0jhQ+kOsB29zqkzoYJLmLxbbrFiuwbQu891XnQ==

lodash@~4.17.5:
  version "4.17.21"
  resolved "https://registry.npmjs.org/lodash/-/lodash-4.17.21.tgz"
  integrity sha512-v2kDEe57lecTulaDIuNTPy3Ry4gLGJ6Z1O3vE1krgXZNrsQ+LFTGHVxVjcXPs17LhbZVGedAJv8XZ1tvj5FvSg==

minimatch@^3.1.1:
  version "3.1.2"
  resolved "https://registry.npmjs.org/minimatch/-/minimatch-3.1.2.tgz"
  integrity sha512-J7p63hRiAjw1NDEww1W7i37+ByIrOWO5XQQAzZ3VOcL0PNybwpfmV/N05zFAzwQ9USyEcX6t3UO+K5aqBQOIHw==
  dependencies:
    brace-expansion "^1.1.7"

once@^1.3.0:
  version "1.4.0"
  resolved "https://registry.npmjs.org/once/-/once-1.4.0.tgz"
  integrity sha512-lNaJgI+2Q5URQBkccEKHTQOPaXdUxnZZElQTZY0MFUAuaEqe1E+Nyvgdz/aIyNi6Z9MzO5dv1H8n58/GELp3+w==
  dependencies:
    wrappy "1"

path-is-absolute@^1.0.0:
  version "1.0.1"
  resolved "https://registry.npmjs.org/path-is-absolute/-/path-is-absolute-1.0.1.tgz"
  integrity sha512-AVbw3UJ2e9bq64vSaS9Am0fje1Pa8pbGqTTsmXfaIiMpnr5DlDhfJOuLj9Sf95ZPVDAUerDfEk88MPmPe7UCQg==

prettier@3.0.2:
  version "3.0.2"
  resolved "https://registry.npmjs.org/prettier/-/prettier-3.0.2.tgz"
  integrity sha512-o2YR9qtniXvwEZlOKbveKfDQVyqxbEIWn48Z8m3ZJjBjcCmUy3xZGIv+7AkaeuaTr6yPXJjwv07ZWlsWbEy1rQ==

query-string@^7.1.3:
  version "7.1.3"
  resolved "https://registry.npmjs.org/query-string/-/query-string-7.1.3.tgz"
  integrity sha512-hh2WYhq4fi8+b+/2Kg9CEge4fDPvHS534aOOvOZeQ3+Vf2mCFsaFBYj0i+iXcAq6I9Vzp5fjMFBlONvayDC1qg==
  dependencies:
    decode-uri-component "^0.2.2"
    filter-obj "^1.1.0"
    split-on-first "^1.0.0"
    strict-uri-encode "^2.0.0"

ra-core@^5.4.3:
  version "5.4.3"
  resolved "https://registry.npmjs.org/ra-core/-/ra-core-5.4.3.tgz"
  integrity sha512-Jf9y7e7R0qKw9xd5cfGHg9jpYtphLjbRjnaZjDA2VjB/a+N37yl9krJAsUv2HA8nubhOO6RCkJE61m4Wx8rv9Q==
  dependencies:
    "@tanstack/react-query" "^5.21.7"
    clsx "^2.1.1"
    date-fns "^3.6.0"
    eventemitter3 "^5.0.1"
    inflection "^3.0.0"
    jsonexport "^3.2.0"
    lodash "~4.17.5"
    query-string "^7.1.3"
    react-error-boundary "^4.0.13"
    react-is "^18.2.0"

"react-dom@^18.0.0 || ^19.0.0", react-dom@>=16.8:
  version "19.0.0"
  resolved "https://registry.npmjs.org/react-dom/-/react-dom-19.0.0.tgz"
  integrity sha512-4GV5sHFG0e/0AD4X+ySy6UJd3jVl1iNsNHdpad0qhABJ11twS3TTBnseqsKurKcsNqCEFeGL3uLpVChpIO3QfQ==
  dependencies:
    scheduler "^0.25.0"

react-error-boundary@^4.0.13:
  version "4.1.2"
  resolved "https://registry.npmjs.org/react-error-boundary/-/react-error-boundary-4.1.2.tgz"
  integrity sha512-GQDxZ5Jd+Aq/qUxbCm1UtzmL/s++V7zKgE8yMktJiCQXCCFZnMZh9ng+6/Ne6PjNSXH0L9CjeOEREfRnq6Duag==
  dependencies:
    "@babel/runtime" "^7.12.5"

react-hook-form@^7.53.0:
  version "7.54.2"
  resolved "https://registry.npmjs.org/react-hook-form/-/react-hook-form-7.54.2.tgz"
  integrity sha512-eHpAUgUjWbZocoQYUHposymRb4ZP6d0uwUnooL2uOybA9/3tPUvoAKqEWK1WaSiTxxOfTpffNZP7QwlnM3/gEg==

react-is@^18.2.0:
  version "18.3.1"
  resolved "https://registry.npmjs.org/react-is/-/react-is-18.3.1.tgz"
  integrity sha512-/LLMVyas0ljjAtoYiPqYiL8VWXzUUdThrmU5+n20DZv+a+ClRoevUzw5JxU+Ieh5/c87ytoTBV9G1FiKfNJdmg==

react-router-dom@^6.22.0:
  version "6.28.1"
  resolved "https://registry.npmjs.org/react-router-dom/-/react-router-dom-6.28.1.tgz"
  integrity sha512-YraE27C/RdjcZwl5UCqF/ffXnZDxpJdk9Q6jw38SZHjXs7NNdpViq2l2c7fO7+4uWaEfcwfGCv3RSg4e1By/fQ==
  dependencies:
    "@remix-run/router" "1.21.0"
    react-router "6.28.1"

react-router@^6.22.0, react-router@6.28.1:
  version "6.28.1"
  resolved "https://registry.npmjs.org/react-router/-/react-router-6.28.1.tgz"
  integrity sha512-2omQTA3rkMljmrvvo6WtewGdVh45SpL9hGiCI9uUrwGGfNFDIvGK4gYJsKlJoNVi6AQZcopSCballL+QGOm7fA==
  dependencies:
    "@remix-run/router" "1.21.0"

"react@^16.8.0 || ^17 || ^18 || ^19", "react@^18 || ^19", "react@^18.0.0 || ^19.0.0", react@^19.0.0, react@>=16.13.1, react@>=16.8:
  version "19.0.0"
  resolved "https://registry.npmjs.org/react/-/react-19.0.0.tgz"
  integrity sha512-V8AVnmPIICiWpGfm6GLzCR/W5FXLchHop40W4nXBmdlEceh16rCN8O8LNWm5bh5XUX91fh7KpA+W0TgMKmgTpQ==

regenerator-runtime@^0.14.0:
  version "0.14.0"
  resolved "https://registry.npmjs.org/regenerator-runtime/-/regenerator-runtime-0.14.0.tgz"
  integrity sha512-srw17NI0TUWHuGa5CFGGmhfNIeja30WMBfbslPNhf6JrqQlLN5gcrvig1oqPxiVaXb0oW0XRKtH6Nngs5lKCIA==

rimraf@^3.0.2:
  version "3.0.2"
  resolved "https://registry.npmjs.org/rimraf/-/rimraf-3.0.2.tgz"
  integrity sha512-JZkJMZkAGFFPP2YqXZXPbMlMBgsxzE8ILs4lMIX/2o0L9UBw9O/Y3o6wFw/i9YLapcUJWwqbi3kdxIPdC62TIA==
  dependencies:
    glob "^7.1.3"

scheduler@^0.25.0:
  version "0.25.0"
  resolved "https://registry.npmjs.org/scheduler/-/scheduler-0.25.0.tgz"
  integrity sha512-xFVuu11jh+xcO7JOAGJNOXld8/TcEHK/4CituBUeUb5hqxJLj9YuemAEuvm9gQ/+pgXYfbQuqAkiYu+u7YEsNA==

split-on-first@^1.0.0:
  version "1.1.0"
  resolved "https://registry.npmjs.org/split-on-first/-/split-on-first-1.1.0.tgz"
  integrity sha512-43ZssAJaMusuKWL8sKUBQXHWOpq8d6CfN/u1p4gUzfJkM05C8rxTmYrkIPTXapZpORA6LkkzcUulJ8FqA7Uudw==

strict-uri-encode@^2.0.0:
  version "2.0.0"
  resolved "https://registry.npmjs.org/strict-uri-encode/-/strict-uri-encode-2.0.0.tgz"
  integrity sha512-QwiXZgpRcKkhTj2Scnn++4PKtWsH0kpzZ62L2R6c/LUVYv7hVnZqcg2+sMuT6R7Jusu1vviK/MFsu6kNJfWlEQ==

typescript@^5.1.3:
  version "5.2.2"
  resolved "https://registry.npmjs.org/typescript/-/typescript-5.2.2.tgz"
  integrity sha512-mI4WrpHsbCIcwT9cF4FZvr80QUeKvsUsUvKDoR+X/7XHQH98xYD8YHZg7ANtz2GtZt/CBq2QJ0thkGJMHfqc1w==

wrappy@1:
  version "1.0.2"
  resolved "https://registry.npmjs.org/wrappy/-/wrappy-1.0.2.tgz"
  integrity sha512-l4Sp/DRseor9wL6EvV2+TuQn63dMkPjZ/sp9XkghTEbV9KlPS1xUsZ3u7/IQO4wxtcFB4bgpQPRcR3QCvezPcQ==
